<?xml version="1.0" encoding="utf-8"?>
<Project ToolsVersion="4.0" xmlns="http://schemas.microsoft.com/developer/msbuild/2003">
  <ItemGroup>
    <Filter Include="Header Files">
      <UniqueIdentifier>{93995380-89BD-4b04-88EB-625FBE52EBFB}</UniqueIdentifier>
      <Extensions>h;hh;hpp;hxx;h++;hm;inl;inc;ipp;xsd</Extensions>
    </Filter>
    <Filter Include="Source Files">
      <UniqueIdentifier>{991632be-178a-46d1-a2c6-a5759af08271}</UniqueIdentifier>
      <Extensions>cpp;c;cxx;cc</Extensions>
    </Filter>
    <Filter Include="App">
      <UniqueIdentifier>{718578b5-c12a-4847-baf3-d719835f1745}</UniqueIdentifier>
    </Filter>
    <Filter Include="data">
      <UniqueIdentifier>{92c179a3-1994-4c30-8223-d4719fd6a10b}</UniqueIdentifier>
    </Filter>
    <Filter Include="Header Files\storage">
      <UniqueIdentifier>{f29c6d81-cca9-4ce0-ad84-d522f9724f54}</UniqueIdentifier>
    </Filter>
    <Filter Include="Source Files\storage">
      <UniqueIdentifier>{08461bc6-040c-4f81-a860-4e889f2fa3a9}</UniqueIdentifier>
    </Filter>
    <Filter Include="Service">
      <UniqueIdentifier>{69200d72-1a93-4dfa-9ab2-e89c23790eca}</UniqueIdentifier>
    </Filter>
    <Filter Include="ui">
      <UniqueIdentifier>{8361ca45-2c92-4d2e-a90f-95f3e7f39922}</UniqueIdentifier>
    </Filter>
  </ItemGroup>
  <ItemGroup>
    <ClCompile Include="app\main.cpp">
      <Filter>App</Filter>
    </ClCompile>
    <ClCompile Include="src\coffee.cpp">
      <Filter>Source Files</Filter>
    </ClCompile>
    <ClCompile Include="src\coffeeCategory.cpp">
      <Filter>Source Files</Filter>
    </ClCompile>
    <ClCompile Include="src\myTest.cpp">
      <Filter>Source Files</Filter>
    </ClCompile>
    <ClCompile Include="src\resultTest.cpp">
      <Filter>Source Files</Filter>
    </ClCompile>
    <ClCompile Include="src\user.cpp">
      <Filter>Source Files</Filter>
    </ClCompile>
    <ClCompile Include="coffeeCategoryStorage.cpp">
      <Filter>Source Files\storage</Filter>
    </ClCompile>
    <ClCompile Include="coffeeSelectorStorage.cpp">
      <Filter>Source Files\storage</Filter>
    </ClCompile>
    <ClCompile Include="coffeeStorage.cpp">
      <Filter>Source Files\storage</Filter>
    </ClCompile>
    <ClCompile Include="myTestStorage.cpp">
      <Filter>Source Files\storage</Filter>
    </ClCompile>
    <ClCompile Include="resultTestStorage.cpp">
      <Filter>Source Files\storage</Filter>
    </ClCompile>
    <ClCompile Include="userStorage.cpp">
      <Filter>Source Files\storage</Filter>
    </ClCompile>
    <ClCompile Include="src\coffeeSelector.cpp">
      <Filter>Service</Filter>
    </ClCompile>
    <ClCompile Include="consoleApp.cpp">
      <Filter>ui</Filter>
    </ClCompile>
  </ItemGroup>
  <ItemGroup>
    <ClInclude Include="include\binaryStorage.h">
      <Filter>Header Files\storage</Filter>
    </ClInclude>
    <ClInclude Include="include\user.h">
      <Filter>Header Files</Filter>
    </ClInclude>
    <ClInclude Include="include\myTest.h">
      <Filter>Header Files</Filter>
    </ClInclude>
    <ClInclude Include="include\resultTest.h">
      <Filter>Header Files</Filter>
    </ClInclude>
    <ClInclude Include="include\storageTemplates.h">
      <Filter>Header Files\storage</Filter>
    </ClInclude>
    <ClInclude Include="include\coffeeCategory.h">
      <Filter>Header Files</Filter>
    </ClInclude>
    <ClInclude Include="include\coffee.h">
      <Filter>Header Files</Filter>
    </ClInclude>
    <ClInclude Include="coffeeStorage.h">
      <Filter>Header Files\storage</Filter>
    </ClInclude>
    <ClInclude Include="coffeeCategoryStorage.h">
      <Filter>Header Files\storage</Filter>
    </ClInclude>
    <ClInclude Include="coffeeSelectorStorage.h">
      <Filter>Header Files\storage</Filter>
    </ClInclude>
    <ClInclude Include="myTestStorage.h">
      <Filter>Header Files\storage</Filter>
    </ClInclude>
    <ClInclude Include="resultTestStorage.h">
      <Filter>Header Files\storage</Filter>
    </ClInclude>
    <ClInclude Include="userStorage.h">
      <Filter>Header Files\storage</Filter>
    </ClInclude>
    <ClInclude Include="include\coffeeSelector.h">
      <Filter>Service</Filter>
    </ClInclude>
    <ClInclude Include="consoleApp.h">
      <Filter>ui</Filter>
    </ClInclude>
  </ItemGroup>
  <ItemGroup>
    <None Include="coffee.dat">
      <Filter>data</Filter>
    </None>
    <None Include="coffee_backup.dat">
      <Filter>data</Filter>
    </None>
    <None Include="coffeeCategory.dat">
      <Filter>data</Filter>
    </None>
    <None Include="coffeeCategory_backup.dat">
      <Filter>data</Filter>
    </None>
    <None Include="user.dat">
      <Filter>data</Filter>
    </None>
    <None Include="user_backup.dat">
      <Filter>data</Filter>
    </None>
    <None Include="myTest.dat">
      <Filter>data</Filter>
    </None>
    <None Include="myTest_backup.dat">
      <Filter>data</Filter>
    </None>
    <None Include="coffeeSelector.dat">
      <Filter>data</Filter>
    </None>
    <None Include="coffeeSelector_backup.dat">
      <Filter>data</Filter>
    </None>
    <None Include="resultTest.dat">
      <Filter>data</Filter>
    </None>
    <None Include="resultTest_backup.dat">
      <Filter>data</Filter>
    </None>
  </ItemGroup>
</Project>
